{
  "name": "app-calorias",
  "lockfileVersion": 3,
  "requires": true,
  "packages": {
    "": {
      "name": "app-calorias",
      "devDependencies": {
        "lucide-static": "^1.54.0",
        "playwright-core": "^1.64.0"
      }
    },
    "node_modules/lucide-static": {
      "version": "1.54.0",
      "resolved": "https://registry.npmjs.org/lucide-static/-/lucide-static-1.54.0.tgz",
      "integrity": "sha512-Y0NVQ7uX17m+Jee/coLs7uxGF3bEyWHXiXFBXxmE7BnjjMa5o0s1gR4zQHBQHN19RYaQWVG2cx4GdrW/WroyrA==",
      "dev": true,
      "license": "ISC"
    },
    "node_modules/playwright-core": {
      "version": "1.64.0",
      "resolved": "https://registry.npmjs.org/playwright-core/-/playwright-core-1.64.0.tgz",
      "integrity": "sha512-T9r+MZkTECl2+oUcZ26YgZzTrYidTsIhYYkJix+6iDOymOb1FB2RLLSOxRGnZGv5DStt+aduIVbt+E8WygXYpg==",
      "dev": true,
      "license": "Apache-2.0",
      "bin": {
        "playwright-core": "cli.js"
      },
      "engines": {
        "node": ">=20"
      }
    }
  }
}
